// !$*UTF8*$!
{
	archiveVersion = 1;
	classes = {
	};
	objectVersion = 46;
	objects = {

/* Begin PBXBuildFile section */
		CEC008011AE929CC007483AB /* AppDelegate.swift in Sources */ = {isa = PBXBuildFile; fileRef = CEC008001AE929CC007483AB /* AppDelegate.swift */; };
		CEC008031AE929CC007483AB /* ViewController.swift in Sources */ = {isa = PBXBuildFile; fileRef = CEC008021AE929CC007483AB /* ViewController.swift */; };
		CEC008061AE929CC007483AB /* Main.storyboard in Resources */ = {isa = PBXBuildFile; fileRef = CEC008041AE929CC007483AB /* Main.storyboard */; };
		CEC008081AE929CC007483AB /* Images.xcassets in Resources */ = {isa = PBXBuildFile; fileRef = CEC008071AE929CC007483AB /* Images.xcassets */; };
		CEC0080B1AE929CC007483AB /* LaunchScreen.xib in Resources */ = {isa = PBXBuildFile; fileRef = CEC008091AE929CC007483AB /* LaunchScreen.xib */; };
		CEC008171AE929CC007483AB /* ToDoListTests.swift in Sources */ = {isa = PBXBuildFile; fileRef = CEC008161AE929CC007483AB /* ToDoListTests.swift */; };
/* End PBXBuildFile section */

/* Begin PBXContainerItemProxy section */
		CEC008111AE929CC007483AB /* PBXContainerItemProxy */ = {
			isa = PBXContainerItemProxy;
			containerPortal = CEC007F31AE929CC007483AB /* Project object */;
			proxyType = 1;
			remoteGlobalIDString = CEC007FA1AE929CC007483AB;
			remoteInfo = ToDoList;
		};
/* End PBXContainerItemProxy section */

/* Begin PBXFileReference section */
		CEC007FB1AE929CC007483AB /* ToDoList.app */ = {isa = PBXFileReference; explicitFileType = wrapper.application; includeInIndex = 0; path = ToDoList.app; sourceTree = BUILT_PRODUCTS_DIR; };
		CEC007FF1AE929CC007483AB /* Info.plist */ = {isa = PBXFileReference; lastKnownFileType = text.plist.xml; path = Info.plist; sourceTree = "<group>"; };
		CEC008001AE929CC007483AB /* AppDelegate.swift */ = {isa = PBXFileReference; lastKnownFileType = sourcecode.swift; path = AppDelegate.swift; sourceTree = "<group>"; };
		CEC008021AE929CC007483AB /* ViewController.swift */ = {isa = PBXFileReference; lastKnownFileType = sourcecode.swift; path = ViewController.swift; sourceTree = "<group>"; };
		CEC008051AE929CC007483AB /* Base */ = {isa = PBXFileReference; lastKnownFileType = file.storyboard; name = Base; path = Base.lproj/Main.storyboard; sourceTree = "<group>"; };
		CEC008071AE929CC007483AB /* Images.xcassets */ = {isa = PBXFileReference; lastKnownFileType = folder.assetcatalog; path = Images.xcassets; sourceTree = "<group>"; };
		CEC0080A1AE929CC007483AB /* Base */ = {isa = PBXFileReference; lastKnownFileType = file.xib; name = Base; path = Base.lproj/LaunchScreen.xib; sourceTree = "<group>"; };
		CEC008101AE929CC007483AB /* ToDoListTests.xctest */ = {isa = PBXFileReference; explicitFileType = wrapper.cfbundle; includeInIndex = 0; path = ToDoListTests.xctest; sourceTree = BUILT_PRODUCTS_DIR; };
		CEC008151AE929CC007483AB /* Info.plist */ = {isa = PBXFileReference; lastKnownFileType = text.plist.xml; path = Info.plist; sourceTree = "<group>"; };
		CEC008161AE929CC007483AB /* ToDoListTests.swift */ = {isa = PBXFileReference; lastKnownFileType = sourcecode.swift; path = ToDoListTests.swift; sourceTree = "<group>"; };
/* End PBXFileReference section */

/* Begin PBXFrameworksBuildPhase section */
		CEC007F81AE929CC007483AB /* Frameworks */ = {
			isa = PBXFrameworksBuildPhase;
			buildActionMask = 2147483647;
			files = (
			);
			runOnlyForDeploymentPostprocessing = 0;
		};
		CEC0080D1AE929CC007483AB /* Frameworks */ = {
			isa = PBXFrameworksBuildPhase;
			buildActionMask = 2147483647;
			files = (
			);
			runOnlyForDeploymentPostprocessing = 0;
		};
/* End PBXFrameworksBuildPhase section */

/* Begin PBXGroup section */
		CEC007F21AE929CC007483AB = {
			isa = PBXGroup;
			children = (
				CEC007FD1AE929CC007483AB /* ToDoList */,
				CEC008131AE929CC007483AB /* ToDoListTests */,
				CEC007FC1AE929CC007483AB /* Products */,
			);
			sourceTree = "<group>";
		};
		CEC007FC1AE929CC007483AB /* Products */ = {
			isa = PBXGroup;
			children = (
				CEC007FB1AE929CC007483AB /* ToDoList.app */,
				CEC008101AE929CC007483AB /* ToDoListTests.xctest */,
			);
			name = Products;
			sourceTree = "<group>";
		};
		CEC007FD1AE929CC007483AB /* ToDoList */ = {
			isa = PBXGroup;
			children = (
				CEC008001AE929CC007483AB /* AppDelegate.swift */,
				CEC008021AE929CC007483AB /* ViewController.swift */,
				CEC008041AE929CC007483AB /* Main.storyboard */,
				CEC008071AE929CC007483AB /* Images.xcassets */,
				CEC008091AE929CC007483AB /* LaunchScreen.xib */,
				CEC007FE1AE929CC007483AB /* Supporting Files */,
			);
			path = ToDoList;
			sourceTree = "<group>";
		};
		CEC007FE1AE929CC007483AB /* Supporting Files */ = {
			isa = PBXGroup;
			children = (
				CEC007FF1AE929CC007483AB /* Info.plist */,
			);
			name = "Supporting Files";
			sourceTree = "<group>";
		};
		CEC008131AE929CC007483AB /* ToDoListTests */ = {
			isa = PBXGroup;
			children = (
				CEC008161AE929CC007483AB /* ToDoListTests.swift */,
				CEC008141AE929CC007483AB /* Supporting Files */,
			);
			path = ToDoListTests;
			sourceTree = "<group>";
		};
		CEC008141AE929CC007483AB /* Supporting Files */ = {
			isa = PBXGroup;
			children = (
				CEC008151AE929CC007483AB /* Info.plist */,
			);
			name = "Supporting Files";
			sourceTree = "<group>";
		};
/* End PBXGroup section */

/* Begin PBXNativeTarget section */
		CEC007FA1AE929CC007483AB /* ToDoList */ = {
			isa = PBXNativeTarget;
			buildConfigurationList = CEC0081A1AE929CC007483AB /* Build configuration list for PBXNativeTarget "ToDoList" */;
			buildPhases = (
				CEC007F71AE929CC007483AB /* Sources */,
				CEC007F81AE929CC007483AB /* Frameworks */,
				CEC007F91AE929CC007483AB /* Resources */,
			);
			buildRules = (
			);
			dependencies = (
			);
			name = ToDoList;
			productName = ToDoList;
			productReference = CEC007FB1AE929CC007483AB /* ToDoList.app */;
			productType = "com.apple.product-type.application";
		};
		CEC0080F1AE929CC007483AB /* ToDoListTests */ = {
			isa = PBXNativeTarget;
			buildConfigurationList = CEC0081D1AE929CC007483AB /* Build configuration list for PBXNativeTarget "ToDoListTests" */;
			buildPhases = (
				CEC0080C1AE929CC007483AB /* Sources */,
				CEC0080D1AE929CC007483AB /* Frameworks */,
				CEC0080E1AE929CC007483AB /* Resources */,
			);
			buildRules = (
			);
			dependencies = (
				CEC008121AE929CC007483AB /* PBXTargetDependency */,
			);
			name = ToDoListTests;
			productName = ToDoListTests;
			productReference = CEC008101AE929CC007483AB /* ToDoListTests.xctest */;
			productType = "com.apple.product-type.bundle.unit-test";
		};
/* End PBXNativeTarget section */

/* Begin PBXProject section */
		CEC007F31AE929CC007483AB /* Project object */ = {
			isa = PBXProject;
			attributes = {
				LastUpgradeCheck = 0630;
				ORGANIZATIONNAME = "Matthew Falzon";
				TargetAttributes = {
					CEC007FA1AE929CC007483AB = {
						CreatedOnToolsVersion = 6.3;
					};
					CEC0080F1AE929CC007483AB = {
						CreatedOnToolsVersion = 6.3;
						TestTargetID = CEC007FA1AE929CC007483AB;
					};
				};
			};
			buildConfigurationList = CEC007F61AE929CC007483AB /* Build configuration list for PBXProject "ToDoList" */;
			compatibilityVersion = "Xcode 3.2";
			developmentRegion = English;
			hasScannedForEncodings = 0;
			knownRegions = (
				en,
				Base,
			);
			mainGroup = CEC007F21AE929CC007483AB;
			productRefGroup = CEC007FC1AE929CC007483AB /* Products */;
			projectDirPath = "";
			projectRoot = "";
			targets = (
				CEC007FA1AE929CC007483AB /* ToDoList */,
				CEC0080F1AE929CC007483AB /* ToDoListTests */,
			);
		};
/* End PBXProject section */

/* Begin PBXResourcesBuildPhase section */
		CEC007F91AE929CC007483AB /* Resources */ = {
			isa = PBXResourcesBuildPhase;
			buildActionMask = 2147483647;
			files = (
				CEC008061AE929CC007483AB /* Main.storyboard in Resources */,
				CEC0080B1AE929CC007483AB /* LaunchScreen.xib in Resources */,
				CEC008081AE929CC007483AB /* Images.xcassets in Resources */,
			);
			runOnlyForDeploymentPostprocessing = 0;
		};
		CEC0080E1AE929CC007483AB /* Resources */ = {
			isa = PBXResourcesBuildPhase;
			buildActionMask = 2147483647;
			files = (
			);
			runOnlyForDeploymentPostprocessing = 0;
		};
/* End PBXResourcesBuildPhase section */

/* Begin PBXSourcesBuildPhase section */
		CEC007F71AE929CC007483AB /* Sources */ = {
			isa = PBXSourcesBuildPhase;
			buildActionMask = 2147483647;
			files = (
				CEC008031AE929CC007483AB /* ViewController.swift in Sources */,
				CEC008011AE929CC007483AB /* AppDelegate.swift in Sources */,
			);
			runOnlyForDeploymentPostprocessing = 0;
		};
		CEC0080C1AE929CC007483AB /* Sources */ = {
			isa = PBXSourcesBuildPhase;
			buildActionMask = 2147483647;
			files = (
				CEC008171AE929CC007483AB /* ToDoListTests.swift in Sources */,
			);
			runOnlyForDeploymentPostprocessing = 0;
		};
/* End PBXSourcesBuildPhase section */

/* Begin PBXTargetDependency section */
		CEC008121AE929CC007483AB /* PBXTargetDependency */ = {
			isa = PBXTargetDependency;
			target = CEC007FA1AE929CC007483AB /* ToDoList */;
			targetProxy = CEC008111AE929CC007483AB /* PBXContainerItemProxy */;
		};
/* End PBXTargetDependency section */

/* Begin PBXVariantGroup section */
		CEC008041AE929CC007483AB /* Main.storyboard */ = {
			isa = PBXVariantGroup;
			children = (
				CEC008051AE929CC007483AB /* Base */,
			);
			name = Main.storyboard;
			sourceTree = "<group>";
		};
		CEC008091AE929CC007483AB /* LaunchScreen.xib */ = {
			isa = PBXVariantGroup;
			children = (
				CEC0080A1AE929CC007483AB /* Base */,
			);
			name = LaunchScreen.xib;
			sourceTree = "<group>";
		};
/* End PBXVariantGroup section */

/* Begin XCBuildConfiguration section */
		CEC008181AE929CC007483AB /* Debug */ = {
			isa = XCBuildConfiguration;
			buildSettings = {
				ALWAYS_SEARCH_USER_PATHS = NO;
				CLANG_CXX_LANGUAGE_STANDARD = "gnu++0x";
				CLANG_CXX_LIBRARY = "libc++";
				CLANG_ENABLE_MODULES = YES;
				CLANG_ENABLE_OBJC_ARC = YES;
				CLANG_WARN_BOOL_CONVERSION = YES;
				CLANG_WARN_CONSTANT_CONVERSION = YES;
				CLANG_WARN_DIRECT_OBJC_ISA_USAGE = YES_ERROR;
				CLANG_WARN_EMPTY_BODY = YES;
				CLANG_WARN_ENUM_CONVERSION = YES;
				CLANG_WARN_INT_CONVERSION = YES;
				CLANG_WARN_OBJC_ROOT_CLASS = YES_ERROR;
				CLANG_WARN_UNREACHABLE_CODE = YES;
				CLANG_WARN__DUPLICATE_METHOD_MATCH = YES;
				"CODE_SIGN_IDENTITY[sdk=iphoneos*]" = "iPhone Developer";
				COPY_PHASE_STRIP = NO;
				DEBUG_INFORMATION_FORMAT = "dwarf-with-dsym";
				ENABLE_STRICT_OBJC_MSGSEND = YES;
				GCC_C_LANGUAGE_STANDARD = gnu99;
				GCC_DYNAMIC_NO_PIC = NO;
				GCC_NO_COMMON_BLOCKS = YES;
				GCC_OPTIMIZATION_LEVEL = 0;
				GCC_PREPROCESSOR_DEFINITIONS = (
					"DEBUG=1",
					"$(inherited)",
				);
				GCC_SYMBOLS_PRIVATE_EXTERN = NO;
				GCC_WARN_64_TO_32_BIT_CONVERSION = YES;
				GCC_WARN_ABOUT_RETURN_TYPE = YES_ERROR;
				GCC_WARN_UNDECLARED_SELECTOR = YES;
				GCC_WARN_UNINITIALIZED_AUTOS = YES_AGGRESSIVE;
				GCC_WARN_UNUSED_FUNCTION = YES;
				GCC_WARN_UNUSED_VARIABLE = YES;
				IPHONEOS_DEPLOYMENT_TARGET = 8.3;
				MTL_ENABLE_DEBUG_INFO = YES;
				ONLY_ACTIVE_ARCH = YES;
				SDKROOT = iphoneos;
				SWIFT_OPTIMIZATION_LEVEL = "-Onone";
			};
			name = Debug;
		};
		CEC008191AE929CC007483AB /* Release */ = {
			isa = XCBuildConfiguration;
			buildSettings = {
				ALWAYS_SEARCH_USER_PATHS = NO;
				CLANG_CXX_LANGUAGE_STANDARD = "gnu++0x";
				CLANG_CXX_LIBRARY = "libc++";
				CLANG_ENABLE_MODULES = YES;
				CLANG_ENABLE_OBJC_ARC = YES;
				CLANG_WARN_BOOL_CONVERSION = YES;
				CLANG_WARN_CONSTANT_CONVERSION = YES;
				CLANG_WARN_DIRECT_OBJC_ISA_USAGE = YES_ERROR;
				CLANG_WARN_EMPTY_BODY = YES;
				CLANG_WARN_ENUM_CONVERSION = YES;
				CLANG_WARN_INT_CONVERSION = YES;
				CLANG_WARN_OBJC_ROOT_CLASS = YES_ERROR;
				CLANG_WARN_UNREACHABLE_CODE = YES;
				CLANG_WARN__DUPLICATE_METHOD_MATCH = YES;
				"CODE_SIGN_IDENTITY[sdk=iphoneos*]" = "iPhone Developer";
				COPY_PHASE_STRIP = NO;
				DEBUG_INFORMATION_FORMAT = "dwarf-with-dsym";
				ENABLE_NS_ASSERTIONS = NO;
				ENABLE_STRICT_OBJC_MSGSEND = YES;
				GCC_C_LANGUAGE_STANDARD = gnu99;
				GCC_NO_COMMON_BLOCKS = YES;
				GCC_WARN_64_TO_32_BIT_CONVERSION = YES;
				GCC_WARN_ABOUT_RETURN_TYPE = YES_ERROR;
				GCC_WARN_UNDECLARED_SELECTOR = YES;
				GCC_WARN_UNINITIALIZED_AUTOS = YES_AGGRESSIVE;
				GCC_WARN_UNUSED_FUNCTION = YES;
				GCC_WARN_UNUSED_VARIABLE = YES;
				IPHONEOS_DEPLOYMENT_TARGET = 8.3;
				MTL_ENABLE_DEBUG_INFO = NO;
				SDKROOT = iphoneos;
				VALIDATE_PRODUCT = YES;
			};
			name = Release;
		};
		CEC0081B1AE929CC007483AB /* Debug */ = {
			isa = XCBuildConfiguration;
			buildSettings = {
				ASSETCATALOG_COMPILER_APPICON_NAME = AppIcon;
				INFOPLIST_FILE = ToDoList/Info.plist;
				LD_RUNPATH_SEARCH_PATHS = "$(inherited) @executable_path/Frameworks";
				PRODUCT_NAME = "$(TARGET_NAME)";
			};
			name = Debug;
		};
		CEC0081C1AE929CC007483AB /* Release */ = {
			isa = XCBuildConfiguration;
			buildSettings = {
				ASSETCATALOG_COMPILER_APPICON_NAME = AppIcon;
				INFOPLIST_FILE = ToDoList/Info.plist;
				LD_RUNPATH_SEARCH_PATHS = "$(inherited) @executable_path/Frameworks";
				PRODUCT_NAME = "$(TARGET_NAME)";
			};
			name = Release;
		};
		CEC0081E1AE929CC007483AB /* Debug */ = {
			isa = XCBuildConfiguration;
			buildSettings = {
				BUNDLE_LOADER = "$(TEST_HOST)";
				FRAMEWORK_SEARCH_PATHS = (
					"$(SDKROOT)/Developer/Library/Frameworks",
					"$(inherited)",
				);
				GCC_PREPROCESSOR_DEFINITIONS = (
					"DEBUG=1",
					"$(inherited)",
				);
				INFOPLIST_FILE = ToDoListTests/Info.plist;
				LD_RUNPATH_SEARCH_PATHS = "$(inherited) @executable_path/Frameworks @loader_path/Frameworks";
				PRODUCT_NAME = "$(TARGET_NAME)";
				TEST_HOST = "$(BUILT_PRODUCTS_DIR)/ToDoList.app/ToDoList";
			};
			name = Debug;
		};
		CEC0081F1AE929CC007483AB /* Release */ = {
			isa = XCBuildConfiguration;
			buildSettings = {
				BUNDLE_LOADER = "$(TEST_HOST)";
				FRAMEWORK_SEARCH_PATHS = (
					"$(SDKROOT)/Developer/Library/Frameworks",
					"$(inherited)",
				);
				INFOPLIST_FILE = ToDoListTests/Info.plist;
				LD_RUNPATH_SEARCH_PATHS = "$(inherited) @executable_path/Frameworks @loader_path/Frameworks";
				PRODUCT_NAME = "$(TARGET_NAME)";
				TEST_HOST = "$(BUILT_PRODUCTS_DIR)/ToDoList.app/ToDoList";
			};
			name = Release;
		};
/* End XCBuildConfiguration section */

/* Begin XCConfigurationList section */
		CEC007F61AE929CC007483AB /* Build configuration list for PBXProject "ToDoList" */ = {
			isa = XCConfigurationList;
			buildConfigurations = (
				CEC008181AE929CC007483AB /* Debug */,
				CEC008191AE929CC007483AB /* Release */,
			);
			defaultConfigurationIsVisible = 0;
			defaultConfigurationName = Release;
		};
		CEC0081A1AE929CC007483AB /* Build configuration list for PBXNativeTarget "ToDoList" */ = {
			isa = XCConfigurationList;
			buildConfigurations = (
				CEC0081B1AE929CC007483AB /* Debug */,
				CEC0081C1AE929CC007483AB /* Release */,
			);
			defaultConfigurationIsVisible = 0;
		};
		CEC0081D1AE929CC007483AB /* Build configuration list for PBXNativeTarget "ToDoListTests" */ = {
			isa = XCConfigurationList;
			buildConfigurations = (
				CEC0081E1AE929CC007483AB /* Debug */,
				CEC0081F1AE929CC007483AB /* Release */,
			);
			defaultConfigurationIsVisible = 0;
		};
/* End XCConfigurationList section */
	};
	rootObject = CEC007F31AE929CC007483AB /* Project object */;
}
